github.com/epsilon-akshay/pkg_example v0.0.0-20210210153400-578386dba800 h1:T1qfCVHZT1favsgjYVNjKIDfCTmoOoDrJJzIQS5I0yQ=
github.com/epsilon-akshay/pkg_example v0.0.0-20210210153400-578386dba800/go.mod h1:JFZ3uWGcZg5ZG8/3LoBDgPM4PpNajD7T2ZVLzxSJPLo=
github.com/epsilon-akshay/pkg_example v0.0.0-20210210154830-cedee980e322 h1:ClVNhrGA67CDR8ziDLSX87v5gB+hm8sSkGIHWsJRHr0=
github.com/epsilon-akshay/pkg_example v0.0.0-20210210154830-cedee980e322/go.mod h1:JFZ3uWGcZg5ZG8/3LoBDgPM4PpNajD7T2ZVLzxSJPLo=
